
Microsoft Visual Studio Solution File, Format Version 12.00
# Visual Studio Version 17
VisualStudioVersion = 17.5.002.0
MinimumVisualStudioVersion = 10.0.40219.1
Project("{9A19103F-16F7-4668-BE54-9A1E7A4F7556}") = "#27", "#27\#27.csproj", "{A585B932-F749-485A-8A62-F90D8CFC1645}"
EndProject
Project("{FAE04EC0-301F-11D3-BF4B-00C04F79EFBC}") = "#739", "#739\#739.csproj", "{2334D30F-E6E1-4011-8015-32D54F6912C3}"
EndProject
Project("{FAE04EC0-301F-11D3-BF4B-00C04F79EFBC}") = "#01", "#01\#01.csproj", "{175A164D-F8A4-40FB-BA26-81176DD17770}"
EndProject
Project("{FAE04EC0-301F-11D3-BF4B-00C04F79EFBC}") = "#09", "#09\#09.csproj", "{F887DFB4-F449-4D3D-8969-2BCEC59317AE}"
EndProject
Project("{FAE04EC0-301F-11D3-BF4B-00C04F79EFBC}") = "#04", "#04\#04.csproj", "{636D45D9-7B4C-4673-90E2-2530D22F7955}"
EndProject
Project("{FAE04EC0-301F-11D3-BF4B-00C04F79EFBC}") = "#", "#88\#.csproj", "{3DC77822-5773-43EB-8418-FC13CBDADFCA}"
EndProject
Project("{FAE04EC0-301F-11D3-BF4B-00C04F79EFBC}") = "#34", "#34\#34.csproj", "{CD59BB7D-060D-481B-A54F-9092083053A8}"
EndProject
Global
	GlobalSection(SolutionConfigurationPlatforms) = preSolution
		Debug|Any CPU = Debug|Any CPU
		Release|Any CPU = Release|Any CPU
	EndGlobalSection
	GlobalSection(ProjectConfigurationPlatforms) = postSolution
		{A585B932-F749-485A-8A62-F90D8CFC1645}.Debug|Any CPU.ActiveCfg = Debug|Any CPU
		{A585B932-F749-485A-8A62-F90D8CFC1645}.Debug|Any CPU.Build.0 = Debug|Any CPU
		{A585B932-F749-485A-8A62-F90D8CFC1645}.Release|Any CPU.ActiveCfg = Release|Any CPU
		{A585B932-F749-485A-8A62-F90D8CFC1645}.Release|Any CPU.Build.0 = Release|Any CPU
		{2334D30F-E6E1-4011-8015-32D54F6912C3}.Debug|Any CPU.ActiveCfg = Debug|Any CPU
		{2334D30F-E6E1-4011-8015-32D54F6912C3}.Debug|Any CPU.Build.0 = Debug|Any CPU
		{2334D30F-E6E1-4011-8015-32D54F6912C3}.Release|Any CPU.ActiveCfg = Release|Any CPU
		{2334D30F-E6E1-4011-8015-32D54F6912C3}.Release|Any CPU.Build.0 = Release|Any CPU
		{175A164D-F8A4-40FB-BA26-81176DD17770}.Debug|Any CPU.ActiveCfg = Debug|Any CPU
		{175A164D-F8A4-40FB-BA26-81176DD17770}.Debug|Any CPU.Build.0 = Debug|Any CPU
		{175A164D-F8A4-40FB-BA26-81176DD17770}.Release|Any CPU.ActiveCfg = Release|Any CPU
		{175A164D-F8A4-40FB-BA26-81176DD17770}.Release|Any CPU.Build.0 = Release|Any CPU
		{F887DFB4-F449-4D3D-8969-2BCEC59317AE}.Debug|Any CPU.ActiveCfg = Debug|Any CPU
		{F887DFB4-F449-4D3D-8969-2BCEC59317AE}.Debug|Any CPU.Build.0 = Debug|Any CPU
		{F887DFB4-F449-4D3D-8969-2BCEC59317AE}.Release|Any CPU.ActiveCfg = Release|Any CPU
		{F887DFB4-F449-4D3D-8969-2BCEC59317AE}.Release|Any CPU.Build.0 = Release|Any CPU
		{636D45D9-7B4C-4673-90E2-2530D22F7955}.Debug|Any CPU.ActiveCfg = Debug|Any CPU
		{636D45D9-7B4C-4673-90E2-2530D22F7955}.Debug|Any CPU.Build.0 = Debug|Any CPU
		{636D45D9-7B4C-4673-90E2-2530D22F7955}.Release|Any CPU.ActiveCfg = Release|Any CPU
		{636D45D9-7B4C-4673-90E2-2530D22F7955}.Release|Any CPU.Build.0 = Release|Any CPU
		{3DC77822-5773-43EB-8418-FC13CBDADFCA}.Debug|Any CPU.ActiveCfg = Debug|Any CPU
		{3DC77822-5773-43EB-8418-FC13CBDADFCA}.Debug|Any CPU.Build.0 = Debug|Any CPU
		{3DC77822-5773-43EB-8418-FC13CBDADFCA}.Release|Any CPU.ActiveCfg = Release|Any CPU
		{3DC77822-5773-43EB-8418-FC13CBDADFCA}.Release|Any CPU.Build.0 = Release|Any CPU
		{CD59BB7D-060D-481B-A54F-9092083053A8}.Debug|Any CPU.ActiveCfg = Debug|Any CPU
		{CD59BB7D-060D-481B-A54F-9092083053A8}.Debug|Any CPU.Build.0 = Debug|Any CPU
		{CD59BB7D-060D-481B-A54F-9092083053A8}.Release|Any CPU.ActiveCfg = Release|Any CPU
		{CD59BB7D-060D-481B-A54F-9092083053A8}.Release|Any CPU.Build.0 = Release|Any CPU
	EndGlobalSection
	GlobalSection(SolutionProperties) = preSolution
		HideSolutionNode = FALSE
	EndGlobalSection
	GlobalSection(ExtensibilityGlobals) = postSolution
		SolutionGuid = {17CA32D7-91D8-47E7-AB20-2E9B0D2D06F9}
	EndGlobalSection
EndGlobal
